
Microsoft Visual Studio Solution File, Format Version 12.00
# Visual Studio Version 17
Project("{8BC9CEB8-8B4A-11D0-8D11-00A0C91BC942}") = "ALL_BUILD", "ALL_BUILD.vcxproj", "{42F5886D-2188-3D43-9866-D995BBDD4983}"
	ProjectSection(ProjectDependencies) = postProject
		{C2986B00-21CB-37D9-A12D-4C749616594E} = {C2986B00-21CB-37D9-A12D-4C749616594E}
		{59F09C49-D062-3CE5-9EB0-B9867B155384} = {59F09C49-D062-3CE5-9EB0-B9867B155384}
		{F144D74B-F0FE-343B-AB0A-224900793738} = {F144D74B-F0FE-343B-AB0A-224900793738}
	EndProjectSection
EndProject
Project("{FAE04EC0-301F-11D3-BF4B-00C04F79EFBC}") = "Muniffic-ScriptCore", "C:\Users\rudy\Documents\GitHub\Muniffic\Engine-Editor\Muniffic-ScriptCore\Muniffic-ScriptCore.csproj", "{C2986B00-21CB-37D9-A12D-4C749616594E}"
	ProjectSection(ProjectDependencies) = postProject
		{F144D74B-F0FE-343B-AB0A-224900793738} = {F144D74B-F0FE-343B-AB0A-224900793738}
	EndProjectSection
EndProject
Project("{FAE04EC0-301F-11D3-BF4B-00C04F79EFBC}") = "Quest_for_the_solar_sombrero", "Quest_for_the_solar_sombrero.csproj", "{59F09C49-D062-3CE5-9EB0-B9867B155384}"
	ProjectSection(ProjectDependencies) = postProject
		{C2986B00-21CB-37D9-A12D-4C749616594E} = {C2986B00-21CB-37D9-A12D-4C749616594E}
		{F144D74B-F0FE-343B-AB0A-224900793738} = {F144D74B-F0FE-343B-AB0A-224900793738}
	EndProjectSection
EndProject
Project("{8BC9CEB8-8B4A-11D0-8D11-00A0C91BC942}") = "ZERO_CHECK", "ZERO_CHECK.vcxproj", "{F144D74B-F0FE-343B-AB0A-224900793738}"
	ProjectSection(ProjectDependencies) = postProject
	EndProjectSection
EndProject
Global
	GlobalSection(SolutionConfigurationPlatforms) = preSolution
		Debug|x64 = Debug|x64
		Release|x64 = Release|x64
		Dist|x64 = Dist|x64
	EndGlobalSection
	GlobalSection(ProjectConfigurationPlatforms) = postSolution
		{42F5886D-2188-3D43-9866-D995BBDD4983}.Debug|x64.ActiveCfg = Debug|x64
		{42F5886D-2188-3D43-9866-D995BBDD4983}.Release|x64.ActiveCfg = Release|x64
		{42F5886D-2188-3D43-9866-D995BBDD4983}.Dist|x64.ActiveCfg = Dist|x64
		{C2986B00-21CB-37D9-A12D-4C749616594E}.Debug|x64.ActiveCfg = Debug|x64
		{C2986B00-21CB-37D9-A12D-4C749616594E}.Debug|x64.Build.0 = Debug|x64
		{C2986B00-21CB-37D9-A12D-4C749616594E}.Release|x64.ActiveCfg = Release|x64
		{C2986B00-21CB-37D9-A12D-4C749616594E}.Release|x64.Build.0 = Release|x64
		{C2986B00-21CB-37D9-A12D-4C749616594E}.Dist|x64.ActiveCfg = Dist|x64
		{C2986B00-21CB-37D9-A12D-4C749616594E}.Dist|x64.Build.0 = Dist|x64
		{59F09C49-D062-3CE5-9EB0-B9867B155384}.Debug|x64.ActiveCfg = Debug|x64
		{59F09C49-D062-3CE5-9EB0-B9867B155384}.Debug|x64.Build.0 = Debug|x64
		{59F09C49-D062-3CE5-9EB0-B9867B155384}.Release|x64.ActiveCfg = Release|x64
		{59F09C49-D062-3CE5-9EB0-B9867B155384}.Release|x64.Build.0 = Release|x64
		{59F09C49-D062-3CE5-9EB0-B9867B155384}.Dist|x64.ActiveCfg = Dist|x64
		{59F09C49-D062-3CE5-9EB0-B9867B155384}.Dist|x64.Build.0 = Dist|x64
		{F144D74B-F0FE-343B-AB0A-224900793738}.Debug|x64.ActiveCfg = Debug|x64
		{F144D74B-F0FE-343B-AB0A-224900793738}.Debug|x64.Build.0 = Debug|x64
		{F144D74B-F0FE-343B-AB0A-224900793738}.Release|x64.ActiveCfg = Release|x64
		{F144D74B-F0FE-343B-AB0A-224900793738}.Release|x64.Build.0 = Release|x64
		{F144D74B-F0FE-343B-AB0A-224900793738}.Dist|x64.ActiveCfg = Dist|x64
		{F144D74B-F0FE-343B-AB0A-224900793738}.Dist|x64.Build.0 = Dist|x64
	EndGlobalSection
	GlobalSection(ExtensibilityGlobals) = postSolution
		SolutionGuid = {6CB772F1-AB1C-36AD-9F85-1D610AEF406C}
	EndGlobalSection
	GlobalSection(ExtensibilityAddIns) = postSolution
	EndGlobalSection
EndGlobal
